
Microsoft Visual Studio Solution File, Format Version 12.00
# Visual Studio Version 17
VisualStudioVersion = 17.4.33205.214
MinimumVisualStudioVersion = 10.0.40219.1
Project("{9A19103F-16F7-4668-BE54-9A1E7A4F7556}") = "FastFoodClient", "FastFoodClient\FastFoodClient.csproj", "{0795D542-4BF1-48DF-9EA5-B0439BD18FE6}"
EndProject
Project("{9A19103F-16F7-4668-BE54-9A1E7A4F7556}") = "BusinessObject", "BusinessObject\BusinessObject.csproj", "{A14E33D4-C0E8-4A44-BC97-EA40DB480F4A}"
EndProject
Project("{9A19103F-16F7-4668-BE54-9A1E7A4F7556}") = "DataAccess", "DataAccess\DataAccess.csproj", "{1F7FF02A-DE8F-4175-B381-FF95DCA83036}"
EndProject
Project("{9A19103F-16F7-4668-BE54-9A1E7A4F7556}") = "FastFoodAPI", "FastFoodAPI\FastFoodAPI.csproj", "{4813563E-2A94-411D-A766-5EB52C0ED2A7}"
EndProject
Project("{FAE04EC0-301F-11D3-BF4B-00C04F79EFBC}") = "Repositories", "Repositories\Repositories.csproj", "{4E4B03BA-457C-4F87-8615-3F1856ED0662}"
EndProject
Global
	GlobalSection(SolutionConfigurationPlatforms) = preSolution
		Debug|Any CPU = Debug|Any CPU
		Release|Any CPU = Release|Any CPU
	EndGlobalSection
	GlobalSection(ProjectConfigurationPlatforms) = postSolution
		{0795D542-4BF1-48DF-9EA5-B0439BD18FE6}.Debug|Any CPU.ActiveCfg = Debug|Any CPU
		{0795D542-4BF1-48DF-9EA5-B0439BD18FE6}.Debug|Any CPU.Build.0 = Debug|Any CPU
		{0795D542-4BF1-48DF-9EA5-B0439BD18FE6}.Release|Any CPU.ActiveCfg = Release|Any CPU
		{0795D542-4BF1-48DF-9EA5-B0439BD18FE6}.Release|Any CPU.Build.0 = Release|Any CPU
		{A14E33D4-C0E8-4A44-BC97-EA40DB480F4A}.Debug|Any CPU.ActiveCfg = Debug|Any CPU
		{A14E33D4-C0E8-4A44-BC97-EA40DB480F4A}.Debug|Any CPU.Build.0 = Debug|Any CPU
		{A14E33D4-C0E8-4A44-BC97-EA40DB480F4A}.Release|Any CPU.ActiveCfg = Release|Any CPU
		{A14E33D4-C0E8-4A44-BC97-EA40DB480F4A}.Release|Any CPU.Build.0 = Release|Any CPU
		{1F7FF02A-DE8F-4175-B381-FF95DCA83036}.Debug|Any CPU.ActiveCfg = Debug|Any CPU
		{1F7FF02A-DE8F-4175-B381-FF95DCA83036}.Debug|Any CPU.Build.0 = Debug|Any CPU
		{1F7FF02A-DE8F-4175-B381-FF95DCA83036}.Release|Any CPU.ActiveCfg = Release|Any CPU
		{1F7FF02A-DE8F-4175-B381-FF95DCA83036}.Release|Any CPU.Build.0 = Release|Any CPU
		{4813563E-2A94-411D-A766-5EB52C0ED2A7}.Debug|Any CPU.ActiveCfg = Debug|Any CPU
		{4813563E-2A94-411D-A766-5EB52C0ED2A7}.Debug|Any CPU.Build.0 = Debug|Any CPU
		{4813563E-2A94-411D-A766-5EB52C0ED2A7}.Release|Any CPU.ActiveCfg = Release|Any CPU
		{4813563E-2A94-411D-A766-5EB52C0ED2A7}.Release|Any CPU.Build.0 = Release|Any CPU
		{4E4B03BA-457C-4F87-8615-3F1856ED0662}.Debug|Any CPU.ActiveCfg = Debug|Any CPU
		{4E4B03BA-457C-4F87-8615-3F1856ED0662}.Debug|Any CPU.Build.0 = Debug|Any CPU
		{4E4B03BA-457C-4F87-8615-3F1856ED0662}.Release|Any CPU.ActiveCfg = Release|Any CPU
		{4E4B03BA-457C-4F87-8615-3F1856ED0662}.Release|Any CPU.Build.0 = Release|Any CPU
	EndGlobalSection
	GlobalSection(SolutionProperties) = preSolution
		HideSolutionNode = FALSE
	EndGlobalSection
	GlobalSection(ExtensibilityGlobals) = postSolution
		SolutionGuid = {BC09F8B7-E2C5-41A4-8462-029CEA1FB7D5}
	EndGlobalSection
EndGlobal
